
Microsoft Visual Studio Solution File, Format Version 12.00
# Visual Studio Version 17
VisualStudioVersion = 17.3.32804.467
MinimumVisualStudioVersion = 10.0.40219.1
Project("{FAE04EC0-301F-11D3-BF4B-00C04F79EFBC}") = "ConsoleApp1", "ConsoleApp1\ConsoleApp1.csproj", "{F3777D81-4AC2-4206-965F-C24732089C79}"
EndProject
Global
	GlobalSection(SolutionConfigurationPlatforms) = preSolution
		Debug|Any CPU = Debug|Any CPU
		Release|Any CPU = Release|Any CPU
	EndGlobalSection
	GlobalSection(ProjectConfigurationPlatforms) = postSolution
		{F3777D81-4AC2-4206-965F-C24732089C79}.Debug|Any CPU.ActiveCfg = Debug|Any CPU
		{F3777D81-4AC2-4206-965F-C24732089C79}.Debug|Any CPU.Build.0 = Debug|Any CPU
		{F3777D81-4AC2-4206-965F-C24732089C79}.Release|Any CPU.ActiveCfg = Release|Any CPU
		{F3777D81-4AC2-4206-965F-C24732089C79}.Release|Any CPU.Build.0 = Release|Any CPU
	EndGlobalSection
	GlobalSection(SolutionProperties) = preSolution
		HideSolutionNode = FALSE
	EndGlobalSection
	GlobalSection(ExtensibilityGlobals) = postSolution
		SolutionGuid = {3355E682-84DC-43E9-82D7-D27D91B5A0F8}
	EndGlobalSection
EndGlobal
