
Microsoft Visual Studio Solution File, Format Version 12.00
# Visual Studio Version 17
VisualStudioVersion = 17.3.32819.101
MinimumVisualStudioVersion = 10.0.40219.1
Project("{FAE04EC0-301F-11D3-BF4B-00C04F79EFBC}") = "SAYI TAHMİN OYUNU", "SAYI TAHMİN OYUNU\SAYI TAHMİN OYUNU.csproj", "{78850838-20FE-428B-AE78-B2E68F3D3F68}"
EndProject
Global
	GlobalSection(SolutionConfigurationPlatforms) = preSolution
		Debug|Any CPU = Debug|Any CPU
		Release|Any CPU = Release|Any CPU
	EndGlobalSection
	GlobalSection(ProjectConfigurationPlatforms) = postSolution
		{78850838-20FE-428B-AE78-B2E68F3D3F68}.Debug|Any CPU.ActiveCfg = Debug|Any CPU
		{78850838-20FE-428B-AE78-B2E68F3D3F68}.Debug|Any CPU.Build.0 = Debug|Any CPU
		{78850838-20FE-428B-AE78-B2E68F3D3F68}.Release|Any CPU.ActiveCfg = Release|Any CPU
		{78850838-20FE-428B-AE78-B2E68F3D3F68}.Release|Any CPU.Build.0 = Release|Any CPU
	EndGlobalSection
	GlobalSection(SolutionProperties) = preSolution
		HideSolutionNode = FALSE
	EndGlobalSection
	GlobalSection(ExtensibilityGlobals) = postSolution
		SolutionGuid = {A94CDCA2-6FF7-4F5D-BF1F-81259280AEEB}
	EndGlobalSection
EndGlobal
